// !$*UTF8*$!
{
	archiveVersion = 1;
	classes = {
	};
	objectVersion = 56;
	objects = {

/* Begin PBXBuildFile section */
		1121C3222A0E1F8400E36DBC /* String+Ext.swift in Sources */ = {isa = PBXBuildFile; fileRef = 1121C3212A0E1F8400E36DBC /* String+Ext.swift */; };
		112B52F029DA01CF0088C48A /* Alamofire in Frameworks */ = {isa = PBXBuildFile; productRef = 112B52EF29DA01CF0088C48A /* Alamofire */; };
		112B52F329DA027B0088C48A /* FirebaseAnalytics in Frameworks */ = {isa = PBXBuildFile; productRef = 112B52F229DA027B0088C48A /* FirebaseAnalytics */; };
		112B52F529DA027B0088C48A /* FirebaseAnalyticsOnDeviceConversion in Frameworks */ = {isa = PBXBuildFile; productRef = 112B52F429DA027B0088C48A /* FirebaseAnalyticsOnDeviceConversion */; };
		112B52F729DA027B0088C48A /* FirebaseAnalyticsSwift in Frameworks */ = {isa = PBXBuildFile; productRef = 112B52F629DA027B0088C48A /* FirebaseAnalyticsSwift */; };
		112B52F929DA027B0088C48A /* FirebaseAnalyticsWithoutAdIdSupport in Frameworks */ = {isa = PBXBuildFile; productRef = 112B52F829DA027B0088C48A /* FirebaseAnalyticsWithoutAdIdSupport */; };
		112B52FB29DA027B0088C48A /* FirebaseAppCheck in Frameworks */ = {isa = PBXBuildFile; productRef = 112B52FA29DA027B0088C48A /* FirebaseAppCheck */; };
		112B52FD29DA027B0088C48A /* FirebaseAppDistribution-Beta in Frameworks */ = {isa = PBXBuildFile; productRef = 112B52FC29DA027B0088C48A /* FirebaseAppDistribution-Beta */; };
		112B52FF29DA027B0088C48A /* FirebaseAuth in Frameworks */ = {isa = PBXBuildFile; productRef = 112B52FE29DA027B0088C48A /* FirebaseAuth */; };
		112B530129DA027B0088C48A /* FirebaseAuthCombine-Community in Frameworks */ = {isa = PBXBuildFile; productRef = 112B530029DA027B0088C48A /* FirebaseAuthCombine-Community */; };
		112B530329DA027C0088C48A /* FirebaseCrashlytics in Frameworks */ = {isa = PBXBuildFile; productRef = 112B530229DA027B0088C48A /* FirebaseCrashlytics */; };
		112B530529DA027C0088C48A /* FirebaseDatabase in Frameworks */ = {isa = PBXBuildFile; productRef = 112B530429DA027C0088C48A /* FirebaseDatabase */; };
		112B530729DA027C0088C48A /* FirebaseDatabaseSwift in Frameworks */ = {isa = PBXBuildFile; productRef = 112B530629DA027C0088C48A /* FirebaseDatabaseSwift */; };
		112B530929DA027C0088C48A /* FirebaseDynamicLinks in Frameworks */ = {isa = PBXBuildFile; productRef = 112B530829DA027C0088C48A /* FirebaseDynamicLinks */; };
		112B530B29DA027C0088C48A /* FirebaseFirestore in Frameworks */ = {isa = PBXBuildFile; productRef = 112B530A29DA027C0088C48A /* FirebaseFirestore */; };
		112B530D29DA027C0088C48A /* FirebaseFirestoreCombine-Community in Frameworks */ = {isa = PBXBuildFile; productRef = 112B530C29DA027C0088C48A /* FirebaseFirestoreCombine-Community */; };
		112B530F29DA027C0088C48A /* FirebaseFirestoreSwift in Frameworks */ = {isa = PBXBuildFile; productRef = 112B530E29DA027C0088C48A /* FirebaseFirestoreSwift */; };
		112B531129DA027C0088C48A /* FirebaseFunctions in Frameworks */ = {isa = PBXBuildFile; productRef = 112B531029DA027C0088C48A /* FirebaseFunctions */; };
		112B531329DA027C0088C48A /* FirebaseFunctionsCombine-Community in Frameworks */ = {isa = PBXBuildFile; productRef = 112B531229DA027C0088C48A /* FirebaseFunctionsCombine-Community */; };
		112B531529DA027C0088C48A /* FirebaseInAppMessaging-Beta in Frameworks */ = {isa = PBXBuildFile; productRef = 112B531429DA027C0088C48A /* FirebaseInAppMessaging-Beta */; };
		112B531729DA027C0088C48A /* FirebaseInAppMessagingSwift-Beta in Frameworks */ = {isa = PBXBuildFile; productRef = 112B531629DA027C0088C48A /* FirebaseInAppMessagingSwift-Beta */; };
		112B531929DA027C0088C48A /* FirebaseInstallations in Frameworks */ = {isa = PBXBuildFile; productRef = 112B531829DA027C0088C48A /* FirebaseInstallations */; };
		112B531B29DA027C0088C48A /* FirebaseMessaging in Frameworks */ = {isa = PBXBuildFile; productRef = 112B531A29DA027C0088C48A /* FirebaseMessaging */; };
		112B531D29DA027C0088C48A /* FirebasePerformance in Frameworks */ = {isa = PBXBuildFile; productRef = 112B531C29DA027C0088C48A /* FirebasePerformance */; };
		112B531F29DA027C0088C48A /* FirebaseRemoteConfig in Frameworks */ = {isa = PBXBuildFile; productRef = 112B531E29DA027C0088C48A /* FirebaseRemoteConfig */; };
		112B532129DA027C0088C48A /* FirebaseRemoteConfigSwift in Frameworks */ = {isa = PBXBuildFile; productRef = 112B532029DA027C0088C48A /* FirebaseRemoteConfigSwift */; };
		112B532329DA027C0088C48A /* FirebaseStorage in Frameworks */ = {isa = PBXBuildFile; productRef = 112B532229DA027C0088C48A /* FirebaseStorage */; };
		112B532529DA027C0088C48A /* FirebaseStorageCombine-Community in Frameworks */ = {isa = PBXBuildFile; productRef = 112B532429DA027C0088C48A /* FirebaseStorageCombine-Community */; };
		112B532829DA08310088C48A /* GoogleMobileAds in Frameworks */ = {isa = PBXBuildFile; productRef = 112B532729DA08310088C48A /* GoogleMobileAds */; };
		113011DF29B278F80074EF40 /* APIResponse.swift in Sources */ = {isa = PBXBuildFile; fileRef = 113011DE29B278F80074EF40 /* APIResponse.swift */; };
		113C3A9D29B61E0800D1292E /* AddWordVC.swift in Sources */ = {isa = PBXBuildFile; fileRef = 113C3A9C29B61E0800D1292E /* AddWordVC.swift */; };
		113C3A9F29B64E7400D1292E /* UpdateWordVC.swift in Sources */ = {isa = PBXBuildFile; fileRef = 113C3A9E29B64E7400D1292E /* UpdateWordVC.swift */; };
		113C3AA129B64FC800D1292E /* UserWordListVC.swift in Sources */ = {isa = PBXBuildFile; fileRef = 113C3AA029B64FC800D1292E /* UserWordListVC.swift */; };
		113C3AA329B6523500D1292E /* UserWordTableViewCell.swift in Sources */ = {isa = PBXBuildFile; fileRef = 113C3AA229B6523500D1292E /* UserWordTableViewCell.swift */; };
		1140D3BF29B4AC4900D375DF /* User.swift in Sources */ = {isa = PBXBuildFile; fileRef = 1140D3BE29B4AC4900D375DF /* User.swift */; };
		1140D3C129B4BDE400D375DF /* Setting.swift in Sources */ = {isa = PBXBuildFile; fileRef = 1140D3C029B4BDE400D375DF /* Setting.swift */; };
		1140D3C329B4BE6800D375DF /* SettingTableViewCell.swift in Sources */ = {isa = PBXBuildFile; fileRef = 1140D3C229B4BE6800D375DF /* SettingTableViewCell.swift */; };
		1140D3C529B4C51000D375DF /* ProfileVC.swift in Sources */ = {isa = PBXBuildFile; fileRef = 1140D3C429B4C51000D375DF /* ProfileVC.swift */; };
		11933ED729B3F55300C94331 /* ResultVC.swift in Sources */ = {isa = PBXBuildFile; fileRef = 11933ED629B3F55300C94331 /* ResultVC.swift */; };
		119BDB3829AE8DAD00656EA1 /* QuizVC.swift in Sources */ = {isa = PBXBuildFile; fileRef = 119BDB3729AE8DAD00656EA1 /* QuizVC.swift */; };
		119BDB3A29AE9D4100656EA1 /* WebService.swift in Sources */ = {isa = PBXBuildFile; fileRef = 119BDB3929AE9D4100656EA1 /* WebService.swift */; };
		119BDB4029AEA18900656EA1 /* Word.swift in Sources */ = {isa = PBXBuildFile; fileRef = 119BDB3F29AEA18900656EA1 /* Word.swift */; };
		119BDB4229AEAA5000656EA1 /* ListsVC.swift in Sources */ = {isa = PBXBuildFile; fileRef = 119BDB4129AEAA5000656EA1 /* ListsVC.swift */; };
		119BDB4429AEABEA00656EA1 /* SubjectTableViewCell.swift in Sources */ = {isa = PBXBuildFile; fileRef = 119BDB4329AEABEA00656EA1 /* SubjectTableViewCell.swift */; };
		11B6B31129A92A970015D8ED /* AppDelegate.swift in Sources */ = {isa = PBXBuildFile; fileRef = 11B6B31029A92A970015D8ED /* AppDelegate.swift */; };
		11B6B31329A92A970015D8ED /* SceneDelegate.swift in Sources */ = {isa = PBXBuildFile; fileRef = 11B6B31229A92A970015D8ED /* SceneDelegate.swift */; };
		11B6B31529A92A970015D8ED /* SignInVC.swift in Sources */ = {isa = PBXBuildFile; fileRef = 11B6B31429A92A970015D8ED /* SignInVC.swift */; };
		11B6B31829A92A970015D8ED /* Main.storyboard in Resources */ = {isa = PBXBuildFile; fileRef = 11B6B31629A92A970015D8ED /* Main.storyboard */; };
		11B6B31A29A92A980015D8ED /* Assets.xcassets in Resources */ = {isa = PBXBuildFile; fileRef = 11B6B31929A92A980015D8ED /* Assets.xcassets */; };
		11B6B31D29A92A980015D8ED /* LaunchScreen.storyboard in Resources */ = {isa = PBXBuildFile; fileRef = 11B6B31B29A92A980015D8ED /* LaunchScreen.storyboard */; };
		11B6B32829A92A980015D8ED /* WordodoTests.swift in Sources */ = {isa = PBXBuildFile; fileRef = 11B6B32729A92A980015D8ED /* WordodoTests.swift */; };
		11B6B33229A92A980015D8ED /* WordodoUITests.swift in Sources */ = {isa = PBXBuildFile; fileRef = 11B6B33129A92A980015D8ED /* WordodoUITests.swift */; };
		11B6B33429A92A980015D8ED /* WordodoUITestsLaunchTests.swift in Sources */ = {isa = PBXBuildFile; fileRef = 11B6B33329A92A980015D8ED /* WordodoUITestsLaunchTests.swift */; };
		11B6B34129A979890015D8ED /* GoogleService-Info.plist in Resources */ = {isa = PBXBuildFile; fileRef = 11B6B34029A979890015D8ED /* GoogleService-Info.plist */; };
		11B6B34329A98DBD0015D8ED /* SignUpVC.swift in Sources */ = {isa = PBXBuildFile; fileRef = 11B6B34229A98DBD0015D8ED /* SignUpVC.swift */; };
		11B6B34529A990DA0015D8ED /* SettingsVC.swift in Sources */ = {isa = PBXBuildFile; fileRef = 11B6B34429A990DA0015D8ED /* SettingsVC.swift */; };
		11C9A24429BB6F180047054A /* ListsViewModel.swift in Sources */ = {isa = PBXBuildFile; fileRef = 11C9A24329BB6F180047054A /* ListsViewModel.swift */; };
		11C9A24929BB771F0047054A /* SettingsViewModel.swift in Sources */ = {isa = PBXBuildFile; fileRef = 11C9A24829BB771F0047054A /* SettingsViewModel.swift */; };
		11C9A25129BB8BE80047054A /* StudyViewModel.swift in Sources */ = {isa = PBXBuildFile; fileRef = 11C9A25029BB8BE80047054A /* StudyViewModel.swift */; };
		11C9A25329BB8C020047054A /* QuizViewModel.swift in Sources */ = {isa = PBXBuildFile; fileRef = 11C9A25229BB8C020047054A /* QuizViewModel.swift */; };
		11D1F50929AF735E002E2862 /* StudyVC.swift in Sources */ = {isa = PBXBuildFile; fileRef = 11D1F50829AF735E002E2862 /* StudyVC.swift */; };
		11D1F50B29AF74B8002E2862 /* WordCardView.swift in Sources */ = {isa = PBXBuildFile; fileRef = 11D1F50A29AF74B8002E2862 /* WordCardView.swift */; };
/* End PBXBuildFile section */

/* Begin PBXContainerItemProxy section */
		11B6B32429A92A980015D8ED /* PBXContainerItemProxy */ = {
			isa = PBXContainerItemProxy;
			containerPortal = 11B6B30529A92A970015D8ED /* Project object */;
			proxyType = 1;
			remoteGlobalIDString = 11B6B30C29A92A970015D8ED;
			remoteInfo = Wordodo;
		};
		11B6B32E29A92A980015D8ED /* PBXContainerItemProxy */ = {
			isa = PBXContainerItemProxy;
			containerPortal = 11B6B30529A92A970015D8ED /* Project object */;
			proxyType = 1;
			remoteGlobalIDString = 11B6B30C29A92A970015D8ED;
			remoteInfo = Wordodo;
		};
/* End PBXContainerItemProxy section */

/* Begin PBXFileReference section */
		1121C3212A0E1F8400E36DBC /* String+Ext.swift */ = {isa = PBXFileReference; lastKnownFileType = sourcecode.swift; path = "String+Ext.swift"; sourceTree = "<group>"; };
		113011DE29B278F80074EF40 /* APIResponse.swift */ = {isa = PBXFileReference; lastKnownFileType = sourcecode.swift; path = APIResponse.swift; sourceTree = "<group>"; };
		113C3A9C29B61E0800D1292E /* AddWordVC.swift */ = {isa = PBXFileReference; lastKnownFileType = sourcecode.swift; path = AddWordVC.swift; sourceTree = "<group>"; };
		113C3A9E29B64E7400D1292E /* UpdateWordVC.swift */ = {isa = PBXFileReference; lastKnownFileType = sourcecode.swift; path = UpdateWordVC.swift; sourceTree = "<group>"; };
		113C3AA029B64FC800D1292E /* UserWordListVC.swift */ = {isa = PBXFileReference; lastKnownFileType = sourcecode.swift; path = UserWordListVC.swift; sourceTree = "<group>"; };
		113C3AA229B6523500D1292E /* UserWordTableViewCell.swift */ = {isa = PBXFileReference; lastKnownFileType = sourcecode.swift; path = UserWordTableViewCell.swift; sourceTree = "<group>"; };
		1140D3BE29B4AC4900D375DF /* User.swift */ = {isa = PBXFileReference; lastKnownFileType = sourcecode.swift; path = User.swift; sourceTree = "<group>"; };
		1140D3C029B4BDE400D375DF /* Setting.swift */ = {isa = PBXFileReference; lastKnownFileType = sourcecode.swift; path = Setting.swift; sourceTree = "<group>"; };
		1140D3C229B4BE6800D375DF /* SettingTableViewCell.swift */ = {isa = PBXFileReference; lastKnownFileType = sourcecode.swift; path = SettingTableViewCell.swift; sourceTree = "<group>"; };
		1140D3C429B4C51000D375DF /* ProfileVC.swift */ = {isa = PBXFileReference; lastKnownFileType = sourcecode.swift; path = ProfileVC.swift; sourceTree = "<group>"; };
		11933ED629B3F55300C94331 /* ResultVC.swift */ = {isa = PBXFileReference; lastKnownFileType = sourcecode.swift; path = ResultVC.swift; sourceTree = "<group>"; };
		119BDB3729AE8DAD00656EA1 /* QuizVC.swift */ = {isa = PBXFileReference; lastKnownFileType = sourcecode.swift; path = QuizVC.swift; sourceTree = "<group>"; };
		119BDB3929AE9D4100656EA1 /* WebService.swift */ = {isa = PBXFileReference; lastKnownFileType = sourcecode.swift; path = WebService.swift; sourceTree = "<group>"; };
		119BDB3F29AEA18900656EA1 /* Word.swift */ = {isa = PBXFileReference; lastKnownFileType = sourcecode.swift; path = Word.swift; sourceTree = "<group>"; };
		119BDB4129AEAA5000656EA1 /* ListsVC.swift */ = {isa = PBXFileReference; lastKnownFileType = sourcecode.swift; path = ListsVC.swift; sourceTree = "<group>"; };
		119BDB4329AEABEA00656EA1 /* SubjectTableViewCell.swift */ = {isa = PBXFileReference; lastKnownFileType = sourcecode.swift; path = SubjectTableViewCell.swift; sourceTree = "<group>"; };
		11B6B30D29A92A970015D8ED /* Wordodo.app */ = {isa = PBXFileReference; explicitFileType = wrapper.application; includeInIndex = 0; path = Wordodo.app; sourceTree = BUILT_PRODUCTS_DIR; };
		11B6B31029A92A970015D8ED /* AppDelegate.swift */ = {isa = PBXFileReference; lastKnownFileType = sourcecode.swift; path = AppDelegate.swift; sourceTree = "<group>"; };
		11B6B31229A92A970015D8ED /* SceneDelegate.swift */ = {isa = PBXFileReference; lastKnownFileType = sourcecode.swift; path = SceneDelegate.swift; sourceTree = "<group>"; };
		11B6B31429A92A970015D8ED /* SignInVC.swift */ = {isa = PBXFileReference; lastKnownFileType = sourcecode.swift; path = SignInVC.swift; sourceTree = "<group>"; };
		11B6B31729A92A970015D8ED /* Base */ = {isa = PBXFileReference; lastKnownFileType = file.storyboard; name = Base; path = Base.lproj/Main.storyboard; sourceTree = "<group>"; };
		11B6B31929A92A980015D8ED /* Assets.xcassets */ = {isa = PBXFileReference; lastKnownFileType = folder.assetcatalog; path = Assets.xcassets; sourceTree = "<group>"; };
		11B6B31C29A92A980015D8ED /* Base */ = {isa = PBXFileReference; lastKnownFileType = file.storyboard; name = Base; path = Base.lproj/LaunchScreen.storyboard; sourceTree = "<group>"; };
		11B6B31E29A92A980015D8ED /* Info.plist */ = {isa = PBXFileReference; lastKnownFileType = text.plist.xml; path = Info.plist; sourceTree = "<group>"; };
		11B6B32329A92A980015D8ED /* WordodoTests.xctest */ = {isa = PBXFileReference; explicitFileType = wrapper.cfbundle; includeInIndex = 0; path = WordodoTests.xctest; sourceTree = BUILT_PRODUCTS_DIR; };
		11B6B32729A92A980015D8ED /* WordodoTests.swift */ = {isa = PBXFileReference; lastKnownFileType = sourcecode.swift; path = WordodoTests.swift; sourceTree = "<group>"; };
		11B6B32D29A92A980015D8ED /* WordodoUITests.xctest */ = {isa = PBXFileReference; explicitFileType = wrapper.cfbundle; includeInIndex = 0; path = WordodoUITests.xctest; sourceTree = BUILT_PRODUCTS_DIR; };
		11B6B33129A92A980015D8ED /* WordodoUITests.swift */ = {isa = PBXFileReference; lastKnownFileType = sourcecode.swift; path = WordodoUITests.swift; sourceTree = "<group>"; };
		11B6B33329A92A980015D8ED /* WordodoUITestsLaunchTests.swift */ = {isa = PBXFileReference; lastKnownFileType = sourcecode.swift; path = WordodoUITestsLaunchTests.swift; sourceTree = "<group>"; };
		11B6B34029A979890015D8ED /* GoogleService-Info.plist */ = {isa = PBXFileReference; fileEncoding = 4; lastKnownFileType = text.plist.xml; path = "GoogleService-Info.plist"; sourceTree = "<group>"; };
		11B6B34229A98DBD0015D8ED /* SignUpVC.swift */ = {isa = PBXFileReference; lastKnownFileType = sourcecode.swift; path = SignUpVC.swift; sourceTree = "<group>"; };
		11B6B34429A990DA0015D8ED /* SettingsVC.swift */ = {isa = PBXFileReference; lastKnownFileType = sourcecode.swift; path = SettingsVC.swift; sourceTree = "<group>"; };
		11C9A24329BB6F180047054A /* ListsViewModel.swift */ = {isa = PBXFileReference; lastKnownFileType = sourcecode.swift; path = ListsViewModel.swift; sourceTree = "<group>"; };
		11C9A24829BB771F0047054A /* SettingsViewModel.swift */ = {isa = PBXFileReference; lastKnownFileType = sourcecode.swift; path = SettingsViewModel.swift; sourceTree = "<group>"; };
		11C9A25029BB8BE80047054A /* StudyViewModel.swift */ = {isa = PBXFileReference; lastKnownFileType = sourcecode.swift; path = StudyViewModel.swift; sourceTree = "<group>"; };
		11C9A25229BB8C020047054A /* QuizViewModel.swift */ = {isa = PBXFileReference; lastKnownFileType = sourcecode.swift; path = QuizViewModel.swift; sourceTree = "<group>"; };
		11D1F50829AF735E002E2862 /* StudyVC.swift */ = {isa = PBXFileReference; lastKnownFileType = sourcecode.swift; path = StudyVC.swift; sourceTree = "<group>"; };
		11D1F50A29AF74B8002E2862 /* WordCardView.swift */ = {isa = PBXFileReference; lastKnownFileType = sourcecode.swift; path = WordCardView.swift; sourceTree = "<group>"; };
/* End PBXFileReference section */

/* Begin PBXFrameworksBuildPhase section */
		11B6B30A29A92A970015D8ED /* Frameworks */ = {
			isa = PBXFrameworksBuildPhase;
			buildActionMask = 2147483647;
			files = (
				112B532829DA08310088C48A /* GoogleMobileAds in Frameworks */,
				112B530F29DA027C0088C48A /* FirebaseFirestoreSwift in Frameworks */,
				112B52F929DA027B0088C48A /* FirebaseAnalyticsWithoutAdIdSupport in Frameworks */,
				112B531B29DA027C0088C48A /* FirebaseMessaging in Frameworks */,
				112B531129DA027C0088C48A /* FirebaseFunctions in Frameworks */,
				112B52F029DA01CF0088C48A /* Alamofire in Frameworks */,
				112B52F329DA027B0088C48A /* FirebaseAnalytics in Frameworks */,
				112B52FF29DA027B0088C48A /* FirebaseAuth in Frameworks */,
				112B530929DA027C0088C48A /* FirebaseDynamicLinks in Frameworks */,
				112B530329DA027C0088C48A /* FirebaseCrashlytics in Frameworks */,
				112B530729DA027C0088C48A /* FirebaseDatabaseSwift in Frameworks */,
				112B530B29DA027C0088C48A /* FirebaseFirestore in Frameworks */,
				112B531929DA027C0088C48A /* FirebaseInstallations in Frameworks */,
				112B531329DA027C0088C48A /* FirebaseFunctionsCombine-Community in Frameworks */,
				112B531D29DA027C0088C48A /* FirebasePerformance in Frameworks */,
				112B530D29DA027C0088C48A /* FirebaseFirestoreCombine-Community in Frameworks */,
				112B530529DA027C0088C48A /* FirebaseDatabase in Frameworks */,
				112B52FB29DA027B0088C48A /* FirebaseAppCheck in Frameworks */,
				112B52F529DA027B0088C48A /* FirebaseAnalyticsOnDeviceConversion in Frameworks */,
				112B531F29DA027C0088C48A /* FirebaseRemoteConfig in Frameworks */,
				112B532329DA027C0088C48A /* FirebaseStorage in Frameworks */,
				112B531729DA027C0088C48A /* FirebaseInAppMessagingSwift-Beta in Frameworks */,
				112B532529DA027C0088C48A /* FirebaseStorageCombine-Community in Frameworks */,
				112B52F729DA027B0088C48A /* FirebaseAnalyticsSwift in Frameworks */,
				112B52FD29DA027B0088C48A /* FirebaseAppDistribution-Beta in Frameworks */,
				112B530129DA027B0088C48A /* FirebaseAuthCombine-Community in Frameworks */,
				112B531529DA027C0088C48A /* FirebaseInAppMessaging-Beta in Frameworks */,
				112B532129DA027C0088C48A /* FirebaseRemoteConfigSwift in Frameworks */,
			);
			runOnlyForDeploymentPostprocessing = 0;
		};
		11B6B32029A92A980015D8ED /* Frameworks */ = {
			isa = PBXFrameworksBuildPhase;
			buildActionMask = 2147483647;
			files = (
			);
			runOnlyForDeploymentPostprocessing = 0;
		};
		11B6B32A29A92A980015D8ED /* Frameworks */ = {
			isa = PBXFrameworksBuildPhase;
			buildActionMask = 2147483647;
			files = (
			);
			runOnlyForDeploymentPostprocessing = 0;
		};
/* End PBXFrameworksBuildPhase section */

/* Begin PBXGroup section */
		1121C3202A0E1F5000E36DBC /* Extensions */ = {
			isa = PBXGroup;
			children = (
				1121C3212A0E1F8400E36DBC /* String+Ext.swift */,
			);
			path = Extensions;
			sourceTree = "<group>";
		};
		1128FB042A0DA403005E5E63 /* App */ = {
			isa = PBXGroup;
			children = (
				11B6B31229A92A970015D8ED /* SceneDelegate.swift */,
				11B6B31029A92A970015D8ED /* AppDelegate.swift */,
				11B6B31629A92A970015D8ED /* Main.storyboard */,
				11B6B31929A92A980015D8ED /* Assets.xcassets */,
				11B6B31B29A92A980015D8ED /* LaunchScreen.storyboard */,
			);
			path = App;
			sourceTree = "<group>";
		};
		1190D1BD2A0BCF6F006B315D /* Cells */ = {
			isa = PBXGroup;
			children = (
				113C3AA229B6523500D1292E /* UserWordTableViewCell.swift */,
				1140D3C229B4BE6800D375DF /* SettingTableViewCell.swift */,
				119BDB4329AEABEA00656EA1 /* SubjectTableViewCell.swift */,
			);
			path = Cells;
			sourceTree = "<group>";
		};
		119BDB3B29AE9D5100656EA1 /* WebService */ = {
			isa = PBXGroup;
			children = (
				119BDB3929AE9D4100656EA1 /* WebService.swift */,
			);
			path = WebService;
			sourceTree = "<group>";
		};
		119BDB3C29AE9D6700656EA1 /* Model */ = {
			isa = PBXGroup;
			children = (
				119BDB3F29AEA18900656EA1 /* Word.swift */,
				113011DE29B278F80074EF40 /* APIResponse.swift */,
				1140D3BE29B4AC4900D375DF /* User.swift */,
				1140D3C029B4BDE400D375DF /* Setting.swift */,
			);
			path = Model;
			sourceTree = "<group>";
		};
		119BDB3D29AE9D7300656EA1 /* View */ = {
			isa = PBXGroup;
			children = (
				1190D1BD2A0BCF6F006B315D /* Cells */,
				11B6B31429A92A970015D8ED /* SignInVC.swift */,
				11B6B34229A98DBD0015D8ED /* SignUpVC.swift */,
				119BDB4129AEAA5000656EA1 /* ListsVC.swift */,
				11D1F50A29AF74B8002E2862 /* WordCardView.swift */,
				11D1F50829AF735E002E2862 /* StudyVC.swift */,
				119BDB3729AE8DAD00656EA1 /* QuizVC.swift */,
				11933ED629B3F55300C94331 /* ResultVC.swift */,
				11B6B34429A990DA0015D8ED /* SettingsVC.swift */,
				1140D3C429B4C51000D375DF /* ProfileVC.swift */,
				113C3AA029B64FC800D1292E /* UserWordListVC.swift */,
				113C3A9C29B61E0800D1292E /* AddWordVC.swift */,
				113C3A9E29B64E7400D1292E /* UpdateWordVC.swift */,
			);
			path = View;
			sourceTree = "<group>";
		};
		11B6B30429A92A970015D8ED = {
			isa = PBXGroup;
			children = (
				11B6B30F29A92A970015D8ED /* Wordodo */,
				11B6B32629A92A980015D8ED /* WordodoTests */,
				11B6B33029A92A980015D8ED /* WordodoUITests */,
				11B6B30E29A92A970015D8ED /* Products */,
			);
			sourceTree = "<group>";
		};
		11B6B30E29A92A970015D8ED /* Products */ = {
			isa = PBXGroup;
			children = (
				11B6B30D29A92A970015D8ED /* Wordodo.app */,
				11B6B32329A92A980015D8ED /* WordodoTests.xctest */,
				11B6B32D29A92A980015D8ED /* WordodoUITests.xctest */,
			);
			name = Products;
			sourceTree = "<group>";
		};
		11B6B30F29A92A970015D8ED /* Wordodo */ = {
			isa = PBXGroup;
			children = (
				1128FB042A0DA403005E5E63 /* App */,
				1121C3202A0E1F5000E36DBC /* Extensions */,
				119BDB3B29AE9D5100656EA1 /* WebService */,
				119BDB3C29AE9D6700656EA1 /* Model */,
				119BDB3D29AE9D7300656EA1 /* View */,
				11C9A24229BB6F020047054A /* ViewModel */,
				11B6B31E29A92A980015D8ED /* Info.plist */,
				11B6B34029A979890015D8ED /* GoogleService-Info.plist */,
			);
			path = Wordodo;
			sourceTree = "<group>";
		};
		11B6B32629A92A980015D8ED /* WordodoTests */ = {
			isa = PBXGroup;
			children = (
				11B6B32729A92A980015D8ED /* WordodoTests.swift */,
			);
			path = WordodoTests;
			sourceTree = "<group>";
		};
		11B6B33029A92A980015D8ED /* WordodoUITests */ = {
			isa = PBXGroup;
			children = (
				11B6B33129A92A980015D8ED /* WordodoUITests.swift */,
				11B6B33329A92A980015D8ED /* WordodoUITestsLaunchTests.swift */,
			);
			path = WordodoUITests;
			sourceTree = "<group>";
		};
		11C9A24229BB6F020047054A /* ViewModel */ = {
			isa = PBXGroup;
			children = (
				11C9A24329BB6F180047054A /* ListsViewModel.swift */,
				11C9A24829BB771F0047054A /* SettingsViewModel.swift */,
				11C9A25029BB8BE80047054A /* StudyViewModel.swift */,
				11C9A25229BB8C020047054A /* QuizViewModel.swift */,
			);
			path = ViewModel;
			sourceTree = "<group>";
		};
/* End PBXGroup section */

/* Begin PBXNativeTarget section */
		11B6B30C29A92A970015D8ED /* Wordodo */ = {
			isa = PBXNativeTarget;
			buildConfigurationList = 11B6B33729A92A980015D8ED /* Build configuration list for PBXNativeTarget "Wordodo" */;
			buildPhases = (
				11B6B30929A92A970015D8ED /* Sources */,
				11B6B30A29A92A970015D8ED /* Frameworks */,
				11B6B30B29A92A970015D8ED /* Resources */,
			);
			buildRules = (
			);
			dependencies = (
			);
			name = Wordodo;
			packageProductDependencies = (
				112B52EF29DA01CF0088C48A /* Alamofire */,
				112B52F229DA027B0088C48A /* FirebaseAnalytics */,
				112B52F429DA027B0088C48A /* FirebaseAnalyticsOnDeviceConversion */,
				112B52F629DA027B0088C48A /* FirebaseAnalyticsSwift */,
				112B52F829DA027B0088C48A /* FirebaseAnalyticsWithoutAdIdSupport */,
				112B52FA29DA027B0088C48A /* FirebaseAppCheck */,
				112B52FC29DA027B0088C48A /* FirebaseAppDistribution-Beta */,
				112B52FE29DA027B0088C48A /* FirebaseAuth */,
				112B530029DA027B0088C48A /* FirebaseAuthCombine-Community */,
				112B530229DA027B0088C48A /* FirebaseCrashlytics */,
				112B530429DA027C0088C48A /* FirebaseDatabase */,
				112B530629DA027C0088C48A /* FirebaseDatabaseSwift */,
				112B530829DA027C0088C48A /* FirebaseDynamicLinks */,
				112B530A29DA027C0088C48A /* FirebaseFirestore */,
				112B530C29DA027C0088C48A /* FirebaseFirestoreCombine-Community */,
				112B530E29DA027C0088C48A /* FirebaseFirestoreSwift */,
				112B531029DA027C0088C48A /* FirebaseFunctions */,
				112B531229DA027C0088C48A /* FirebaseFunctionsCombine-Community */,
				112B531429DA027C0088C48A /* FirebaseInAppMessaging-Beta */,
				112B531629DA027C0088C48A /* FirebaseInAppMessagingSwift-Beta */,
				112B531829DA027C0088C48A /* FirebaseInstallations */,
				112B531A29DA027C0088C48A /* FirebaseMessaging */,
				112B531C29DA027C0088C48A /* FirebasePerformance */,
				112B531E29DA027C0088C48A /* FirebaseRemoteConfig */,
				112B532029DA027C0088C48A /* FirebaseRemoteConfigSwift */,
				112B532229DA027C0088C48A /* FirebaseStorage */,
				112B532429DA027C0088C48A /* FirebaseStorageCombine-Community */,
				112B532729DA08310088C48A /* GoogleMobileAds */,
			);
			productName = Wordodo;
			productReference = 11B6B30D29A92A970015D8ED /* Wordodo.app */;
			productType = "com.apple.product-type.application";
		};
		11B6B32229A92A980015D8ED /* WordodoTests */ = {
			isa = PBXNativeTarget;
			buildConfigurationList = 11B6B33A29A92A980015D8ED /* Build configuration list for PBXNativeTarget "WordodoTests" */;
			buildPhases = (
				11B6B31F29A92A980015D8ED /* Sources */,
				11B6B32029A92A980015D8ED /* Frameworks */,
				11B6B32129A92A980015D8ED /* Resources */,
			);
			buildRules = (
			);
			dependencies = (
				11B6B32529A92A980015D8ED /* PBXTargetDependency */,
			);
			name = WordodoTests;
			productName = WordodoTests;
			productReference = 11B6B32329A92A980015D8ED /* WordodoTests.xctest */;
			productType = "com.apple.product-type.bundle.unit-test";
		};
		11B6B32C29A92A980015D8ED /* WordodoUITests */ = {
			isa = PBXNativeTarget;
			buildConfigurationList = 11B6B33D29A92A980015D8ED /* Build configuration list for PBXNativeTarget "WordodoUITests" */;
			buildPhases = (
				11B6B32929A92A980015D8ED /* Sources */,
				11B6B32A29A92A980015D8ED /* Frameworks */,
				11B6B32B29A92A980015D8ED /* Resources */,
			);
			buildRules = (
			);
			dependencies = (
				11B6B32F29A92A980015D8ED /* PBXTargetDependency */,
			);
			name = WordodoUITests;
			productName = WordodoUITests;
			productReference = 11B6B32D29A92A980015D8ED /* WordodoUITests.xctest */;
			productType = "com.apple.product-type.bundle.ui-testing";
		};
/* End PBXNativeTarget section */

/* Begin PBXProject section */
		11B6B30529A92A970015D8ED /* Project object */ = {
			isa = PBXProject;
			attributes = {
				BuildIndependentTargetsInParallel = 1;
				LastSwiftUpdateCheck = 1420;
				LastUpgradeCheck = 1420;
				TargetAttributes = {
					11B6B30C29A92A970015D8ED = {
						CreatedOnToolsVersion = 14.2;
					};
					11B6B32229A92A980015D8ED = {
						CreatedOnToolsVersion = 14.2;
						TestTargetID = 11B6B30C29A92A970015D8ED;
					};
					11B6B32C29A92A980015D8ED = {
						CreatedOnToolsVersion = 14.2;
						TestTargetID = 11B6B30C29A92A970015D8ED;
					};
				};
			};
			buildConfigurationList = 11B6B30829A92A970015D8ED /* Build configuration list for PBXProject "Wordodo" */;
			compatibilityVersion = "Xcode 14.0";
			developmentRegion = en;
			hasScannedForEncodings = 0;
			knownRegions = (
				en,
				Base,
			);
			mainGroup = 11B6B30429A92A970015D8ED;
			packageReferences = (
				112B52EE29DA01CF0088C48A /* XCRemoteSwiftPackageReference "Alamofire" */,
				112B52F129DA027B0088C48A /* XCRemoteSwiftPackageReference "firebase-ios-sdk" */,
				112B532629DA08310088C48A /* XCRemoteSwiftPackageReference "swift-package-manager-google-mobile-ads" */,
			);
			productRefGroup = 11B6B30E29A92A970015D8ED /* Products */;
			projectDirPath = "";
			projectRoot = "";
			targets = (
				11B6B30C29A92A970015D8ED /* Wordodo */,
				11B6B32229A92A980015D8ED /* WordodoTests */,
				11B6B32C29A92A980015D8ED /* WordodoUITests */,
			);
		};
/* End PBXProject section */

/* Begin PBXResourcesBuildPhase section */
		11B6B30B29A92A970015D8ED /* Resources */ = {
			isa = PBXResourcesBuildPhase;
			buildActionMask = 2147483647;
			files = (
				11B6B31D29A92A980015D8ED /* LaunchScreen.storyboard in Resources */,
				11B6B34129A979890015D8ED /* GoogleService-Info.plist in Resources */,
				11B6B31A29A92A980015D8ED /* Assets.xcassets in Resources */,
				11B6B31829A92A970015D8ED /* Main.storyboard in Resources */,
			);
			runOnlyForDeploymentPostprocessing = 0;
		};
		11B6B32129A92A980015D8ED /* Resources */ = {
			isa = PBXResourcesBuildPhase;
			buildActionMask = 2147483647;
			files = (
			);
			runOnlyForDeploymentPostprocessing = 0;
		};
		11B6B32B29A92A980015D8ED /* Resources */ = {
			isa = PBXResourcesBuildPhase;
			buildActionMask = 2147483647;
			files = (
			);
			runOnlyForDeploymentPostprocessing = 0;
		};
/* End PBXResourcesBuildPhase section */

/* Begin PBXSourcesBuildPhase section */
		11B6B30929A92A970015D8ED /* Sources */ = {
			isa = PBXSourcesBuildPhase;
			buildActionMask = 2147483647;
			files = (
				11B6B31529A92A970015D8ED /* SignInVC.swift in Sources */,
				11C9A25329BB8C020047054A /* QuizViewModel.swift in Sources */,
				113C3A9F29B64E7400D1292E /* UpdateWordVC.swift in Sources */,
				11D1F50929AF735E002E2862 /* StudyVC.swift in Sources */,
				113C3A9D29B61E0800D1292E /* AddWordVC.swift in Sources */,
				11B6B31129A92A970015D8ED /* AppDelegate.swift in Sources */,
				11B6B34329A98DBD0015D8ED /* SignUpVC.swift in Sources */,
				1140D3C329B4BE6800D375DF /* SettingTableViewCell.swift in Sources */,
				113C3AA329B6523500D1292E /* UserWordTableViewCell.swift in Sources */,
				11933ED729B3F55300C94331 /* ResultVC.swift in Sources */,
				113011DF29B278F80074EF40 /* APIResponse.swift in Sources */,
				11B6B34529A990DA0015D8ED /* SettingsVC.swift in Sources */,
				119BDB4029AEA18900656EA1 /* Word.swift in Sources */,
				119BDB3829AE8DAD00656EA1 /* QuizVC.swift in Sources */,
				11D1F50B29AF74B8002E2862 /* WordCardView.swift in Sources */,
				119BDB4229AEAA5000656EA1 /* ListsVC.swift in Sources */,
				1140D3BF29B4AC4900D375DF /* User.swift in Sources */,
				113C3AA129B64FC800D1292E /* UserWordListVC.swift in Sources */,
				119BDB3A29AE9D4100656EA1 /* WebService.swift in Sources */,
				1140D3C129B4BDE400D375DF /* Setting.swift in Sources */,
				1140D3C529B4C51000D375DF /* ProfileVC.swift in Sources */,
				1121C3222A0E1F8400E36DBC /* String+Ext.swift in Sources */,
				11C9A24429BB6F180047054A /* ListsViewModel.swift in Sources */,
				119BDB4429AEABEA00656EA1 /* SubjectTableViewCell.swift in Sources */,
				11B6B31329A92A970015D8ED /* SceneDelegate.swift in Sources */,
				11C9A24929BB771F0047054A /* SettingsViewModel.swift in Sources */,
				11C9A25129BB8BE80047054A /* StudyViewModel.swift in Sources */,
			);
			runOnlyForDeploymentPostprocessing = 0;
		};
		11B6B31F29A92A980015D8ED /* Sources */ = {
			isa = PBXSourcesBuildPhase;
			buildActionMask = 2147483647;
			files = (
				11B6B32829A92A980015D8ED /* WordodoTests.swift in Sources */,
			);
			runOnlyForDeploymentPostprocessing = 0;
		};
		11B6B32929A92A980015D8ED /* Sources */ = {
			isa = PBXSourcesBuildPhase;
			buildActionMask = 2147483647;
			files = (
				11B6B33229A92A980015D8ED /* WordodoUITests.swift in Sources */,
				11B6B33429A92A980015D8ED /* WordodoUITestsLaunchTests.swift in Sources */,
			);
			runOnlyForDeploymentPostprocessing = 0;
		};
/* End PBXSourcesBuildPhase section */

/* Begin PBXTargetDependency section */
		11B6B32529A92A980015D8ED /* PBXTargetDependency */ = {
			isa = PBXTargetDependency;
			target = 11B6B30C29A92A970015D8ED /* Wordodo */;
			targetProxy = 11B6B32429A92A980015D8ED /* PBXContainerItemProxy */;
		};
		11B6B32F29A92A980015D8ED /* PBXTargetDependency */ = {
			isa = PBXTargetDependency;
			target = 11B6B30C29A92A970015D8ED /* Wordodo */;
			targetProxy = 11B6B32E29A92A980015D8ED /* PBXContainerItemProxy */;
		};
/* End PBXTargetDependency section */

/* Begin PBXVariantGroup section */
		11B6B31629A92A970015D8ED /* Main.storyboard */ = {
			isa = PBXVariantGroup;
			children = (
				11B6B31729A92A970015D8ED /* Base */,
			);
			name = Main.storyboard;
			sourceTree = "<group>";
		};
		11B6B31B29A92A980015D8ED /* LaunchScreen.storyboard */ = {
			isa = PBXVariantGroup;
			children = (
				11B6B31C29A92A980015D8ED /* Base */,
			);
			name = LaunchScreen.storyboard;
			sourceTree = "<group>";
		};
/* End PBXVariantGroup section */

/* Begin XCBuildConfiguration section */
		11B6B33529A92A980015D8ED /* Debug */ = {
			isa = XCBuildConfiguration;
			buildSettings = {
				ALWAYS_SEARCH_USER_PATHS = NO;
				CLANG_ANALYZER_NONNULL = YES;
				CLANG_ANALYZER_NUMBER_OBJECT_CONVERSION = YES_AGGRESSIVE;
				CLANG_CXX_LANGUAGE_STANDARD = "gnu++20";
				CLANG_ENABLE_MODULES = YES;
				CLANG_ENABLE_OBJC_ARC = YES;
				CLANG_ENABLE_OBJC_WEAK = YES;
				CLANG_WARN_BLOCK_CAPTURE_AUTORELEASING = YES;
				CLANG_WARN_BOOL_CONVERSION = YES;
				CLANG_WARN_COMMA = YES;
				CLANG_WARN_CONSTANT_CONVERSION = YES;
				CLANG_WARN_DEPRECATED_OBJC_IMPLEMENTATIONS = YES;
				CLANG_WARN_DIRECT_OBJC_ISA_USAGE = YES_ERROR;
				CLANG_WARN_DOCUMENTATION_COMMENTS = YES;
				CLANG_WARN_EMPTY_BODY = YES;
				CLANG_WARN_ENUM_CONVERSION = YES;
				CLANG_WARN_INFINITE_RECURSION = YES;
				CLANG_WARN_INT_CONVERSION = YES;
				CLANG_WARN_NON_LITERAL_NULL_CONVERSION = YES;
				CLANG_WARN_OBJC_IMPLICIT_RETAIN_SELF = YES;
				CLANG_WARN_OBJC_LITERAL_CONVERSION = YES;
				CLANG_WARN_OBJC_ROOT_CLASS = YES_ERROR;
				CLANG_WARN_QUOTED_INCLUDE_IN_FRAMEWORK_HEADER = YES;
				CLANG_WARN_RANGE_LOOP_ANALYSIS = YES;
				CLANG_WARN_STRICT_PROTOTYPES = YES;
				CLANG_WARN_SUSPICIOUS_MOVE = YES;
				CLANG_WARN_UNGUARDED_AVAILABILITY = YES_AGGRESSIVE;
				CLANG_WARN_UNREACHABLE_CODE = YES;
				CLANG_WARN__DUPLICATE_METHOD_MATCH = YES;
				COPY_PHASE_STRIP = NO;
				DEBUG_INFORMATION_FORMAT = dwarf;
				ENABLE_STRICT_OBJC_MSGSEND = YES;
				ENABLE_TESTABILITY = YES;
				GCC_C_LANGUAGE_STANDARD = gnu11;
				GCC_DYNAMIC_NO_PIC = NO;
				GCC_NO_COMMON_BLOCKS = YES;
				GCC_OPTIMIZATION_LEVEL = 0;
				GCC_PREPROCESSOR_DEFINITIONS = (
					"DEBUG=1",
					"$(inherited)",
				);
				GCC_WARN_64_TO_32_BIT_CONVERSION = YES;
				GCC_WARN_ABOUT_RETURN_TYPE = YES_ERROR;
				GCC_WARN_UNDECLARED_SELECTOR = YES;
				GCC_WARN_UNINITIALIZED_AUTOS = YES_AGGRESSIVE;
				GCC_WARN_UNUSED_FUNCTION = YES;
				GCC_WARN_UNUSED_VARIABLE = YES;
				IPHONEOS_DEPLOYMENT_TARGET = 16.2;
				MTL_ENABLE_DEBUG_INFO = INCLUDE_SOURCE;
				MTL_FAST_MATH = YES;
				ONLY_ACTIVE_ARCH = YES;
				SDKROOT = iphoneos;
				SWIFT_ACTIVE_COMPILATION_CONDITIONS = DEBUG;
				SWIFT_OPTIMIZATION_LEVEL = "-Onone";
			};
			name = Debug;
		};
		11B6B33629A92A980015D8ED /* Release */ = {
			isa = XCBuildConfiguration;
			buildSettings = {
				ALWAYS_SEARCH_USER_PATHS = NO;
				CLANG_ANALYZER_NONNULL = YES;
				CLANG_ANALYZER_NUMBER_OBJECT_CONVERSION = YES_AGGRESSIVE;
				CLANG_CXX_LANGUAGE_STANDARD = "gnu++20";
				CLANG_ENABLE_MODULES = YES;
				CLANG_ENABLE_OBJC_ARC = YES;
				CLANG_ENABLE_OBJC_WEAK = YES;
				CLANG_WARN_BLOCK_CAPTURE_AUTORELEASING = YES;
				CLANG_WARN_BOOL_CONVERSION = YES;
				CLANG_WARN_COMMA = YES;
				CLANG_WARN_CONSTANT_CONVERSION = YES;
				CLANG_WARN_DEPRECATED_OBJC_IMPLEMENTATIONS = YES;
				CLANG_WARN_DIRECT_OBJC_ISA_USAGE = YES_ERROR;
				CLANG_WARN_DOCUMENTATION_COMMENTS = YES;
				CLANG_WARN_EMPTY_BODY = YES;
				CLANG_WARN_ENUM_CONVERSION = YES;
				CLANG_WARN_INFINITE_RECURSION = YES;
				CLANG_WARN_INT_CONVERSION = YES;
				CLANG_WARN_NON_LITERAL_NULL_CONVERSION = YES;
				CLANG_WARN_OBJC_IMPLICIT_RETAIN_SELF = YES;
				CLANG_WARN_OBJC_LITERAL_CONVERSION = YES;
				CLANG_WARN_OBJC_ROOT_CLASS = YES_ERROR;
				CLANG_WARN_QUOTED_INCLUDE_IN_FRAMEWORK_HEADER = YES;
				CLANG_WARN_RANGE_LOOP_ANALYSIS = YES;
				CLANG_WARN_STRICT_PROTOTYPES = YES;
				CLANG_WARN_SUSPICIOUS_MOVE = YES;
				CLANG_WARN_UNGUARDED_AVAILABILITY = YES_AGGRESSIVE;
				CLANG_WARN_UNREACHABLE_CODE = YES;
				CLANG_WARN__DUPLICATE_METHOD_MATCH = YES;
				COPY_PHASE_STRIP = NO;
				DEBUG_INFORMATION_FORMAT = "dwarf-with-dsym";
				ENABLE_NS_ASSERTIONS = NO;
				ENABLE_STRICT_OBJC_MSGSEND = YES;
				GCC_C_LANGUAGE_STANDARD = gnu11;
				GCC_NO_COMMON_BLOCKS = YES;
				GCC_WARN_64_TO_32_BIT_CONVERSION = YES;
				GCC_WARN_ABOUT_RETURN_TYPE = YES_ERROR;
				GCC_WARN_UNDECLARED_SELECTOR = YES;
				GCC_WARN_UNINITIALIZED_AUTOS = YES_AGGRESSIVE;
				GCC_WARN_UNUSED_FUNCTION = YES;
				GCC_WARN_UNUSED_VARIABLE = YES;
				IPHONEOS_DEPLOYMENT_TARGET = 16.2;
				MTL_ENABLE_DEBUG_INFO = NO;
				MTL_FAST_MATH = YES;
				SDKROOT = iphoneos;
				SWIFT_COMPILATION_MODE = wholemodule;
				SWIFT_OPTIMIZATION_LEVEL = "-O";
				VALIDATE_PRODUCT = YES;
			};
			name = Release;
		};
		11B6B33829A92A980015D8ED /* Debug */ = {
			isa = XCBuildConfiguration;
			buildSettings = {
				ASSETCATALOG_COMPILER_APPICON_NAME = AppIcon;
				ASSETCATALOG_COMPILER_GLOBAL_ACCENT_COLOR_NAME = AccentColor;
				CODE_SIGN_STYLE = Automatic;
				CURRENT_PROJECT_VERSION = 1;
				DEVELOPMENT_TEAM = Y25UG64XN5;
				GENERATE_INFOPLIST_FILE = YES;
				INFOPLIST_FILE = Wordodo/Info.plist;
				INFOPLIST_KEY_NSAppleMusicUsageDescription = "Ses oynatmak için gerekli izin.";
				INFOPLIST_KEY_UIApplicationSupportsIndirectInputEvents = YES;
				INFOPLIST_KEY_UILaunchStoryboardName = LaunchScreen;
				INFOPLIST_KEY_UIMainStoryboardFile = Main;
				INFOPLIST_KEY_UISupportedInterfaceOrientations = UIInterfaceOrientationPortrait;
				INFOPLIST_KEY_UISupportedInterfaceOrientations_iPad = "UIInterfaceOrientationLandscapeLeft UIInterfaceOrientationLandscapeRight UIInterfaceOrientationPortrait UIInterfaceOrientationPortraitUpsideDown";
				IPHONEOS_DEPLOYMENT_TARGET = 16.2;
				LD_RUNPATH_SEARCH_PATHS = (
					"$(inherited)",
					"@executable_path/Frameworks",
				);
				MARKETING_VERSION = 1.0;
				PRODUCT_BUNDLE_IDENTIFIER = com.kadiryilmaz.Wordodo;
				PRODUCT_NAME = "$(TARGET_NAME)";
				SWIFT_EMIT_LOC_STRINGS = YES;
				SWIFT_VERSION = 5.0;
				TARGETED_DEVICE_FAMILY = "1,2";
			};
			name = Debug;
		};
		11B6B33929A92A980015D8ED /* Release */ = {
			isa = XCBuildConfiguration;
			buildSettings = {
				ASSETCATALOG_COMPILER_APPICON_NAME = AppIcon;
				ASSETCATALOG_COMPILER_GLOBAL_ACCENT_COLOR_NAME = AccentColor;
				CODE_SIGN_STYLE = Automatic;
				CURRENT_PROJECT_VERSION = 1;
				DEVELOPMENT_TEAM = Y25UG64XN5;
				GENERATE_INFOPLIST_FILE = YES;
				INFOPLIST_FILE = Wordodo/Info.plist;
				INFOPLIST_KEY_NSAppleMusicUsageDescription = "Ses oynatmak için gerekli izin.";
				INFOPLIST_KEY_UIApplicationSupportsIndirectInputEvents = YES;
				INFOPLIST_KEY_UILaunchStoryboardName = LaunchScreen;
				INFOPLIST_KEY_UIMainStoryboardFile = Main;
				INFOPLIST_KEY_UISupportedInterfaceOrientations = UIInterfaceOrientationPortrait;
				INFOPLIST_KEY_UISupportedInterfaceOrientations_iPad = "UIInterfaceOrientationLandscapeLeft UIInterfaceOrientationLandscapeRight UIInterfaceOrientationPortrait UIInterfaceOrientationPortraitUpsideDown";
				IPHONEOS_DEPLOYMENT_TARGET = 16.2;
				LD_RUNPATH_SEARCH_PATHS = (
					"$(inherited)",
					"@executable_path/Frameworks",
				);
				MARKETING_VERSION = 1.0;
				PRODUCT_BUNDLE_IDENTIFIER = com.kadiryilmaz.Wordodo;
				PRODUCT_NAME = "$(TARGET_NAME)";
				SWIFT_EMIT_LOC_STRINGS = YES;
				SWIFT_VERSION = 5.0;
				TARGETED_DEVICE_FAMILY = "1,2";
			};
			name = Release;
		};
		11B6B33B29A92A980015D8ED /* Debug */ = {
			isa = XCBuildConfiguration;
			buildSettings = {
				ALWAYS_EMBED_SWIFT_STANDARD_LIBRARIES = YES;
				BUNDLE_LOADER = "$(TEST_HOST)";
				CODE_SIGN_STYLE = Automatic;
				CURRENT_PROJECT_VERSION = 1;
				DEVELOPMENT_TEAM = Y25UG64XN5;
				GENERATE_INFOPLIST_FILE = YES;
				IPHONEOS_DEPLOYMENT_TARGET = 16.2;
				MARKETING_VERSION = 1.0;
				PRODUCT_BUNDLE_IDENTIFIER = com.kadiryilmaz.WordodoTests;
				PRODUCT_NAME = "$(TARGET_NAME)";
				SWIFT_EMIT_LOC_STRINGS = NO;
				SWIFT_VERSION = 5.0;
				TARGETED_DEVICE_FAMILY = "1,2";
				TEST_HOST = "$(BUILT_PRODUCTS_DIR)/Wordodo.app/$(BUNDLE_EXECUTABLE_FOLDER_PATH)/Wordodo";
			};
			name = Debug;
		};
		11B6B33C29A92A980015D8ED /* Release */ = {
			isa = XCBuildConfiguration;
			buildSettings = {
				ALWAYS_EMBED_SWIFT_STANDARD_LIBRARIES = YES;
				BUNDLE_LOADER = "$(TEST_HOST)";
				CODE_SIGN_STYLE = Automatic;
				CURRENT_PROJECT_VERSION = 1;
				DEVELOPMENT_TEAM = Y25UG64XN5;
				GENERATE_INFOPLIST_FILE = YES;
				IPHONEOS_DEPLOYMENT_TARGET = 16.2;
				MARKETING_VERSION = 1.0;
				PRODUCT_BUNDLE_IDENTIFIER = com.kadiryilmaz.WordodoTests;
				PRODUCT_NAME = "$(TARGET_NAME)";
				SWIFT_EMIT_LOC_STRINGS = NO;
				SWIFT_VERSION = 5.0;
				TARGETED_DEVICE_FAMILY = "1,2";
				TEST_HOST = "$(BUILT_PRODUCTS_DIR)/Wordodo.app/$(BUNDLE_EXECUTABLE_FOLDER_PATH)/Wordodo";
			};
			name = Release;
		};
		11B6B33E29A92A980015D8ED /* Debug */ = {
			isa = XCBuildConfiguration;
			buildSettings = {
				ALWAYS_EMBED_SWIFT_STANDARD_LIBRARIES = YES;
				CODE_SIGN_STYLE = Automatic;
				CURRENT_PROJECT_VERSION = 1;
				DEVELOPMENT_TEAM = Y25UG64XN5;
				GENERATE_INFOPLIST_FILE = YES;
				MARKETING_VERSION = 1.0;
				PRODUCT_BUNDLE_IDENTIFIER = com.kadiryilmaz.WordodoUITests;
				PRODUCT_NAME = "$(TARGET_NAME)";
				SWIFT_EMIT_LOC_STRINGS = NO;
				SWIFT_VERSION = 5.0;
				TARGETED_DEVICE_FAMILY = "1,2";
				TEST_TARGET_NAME = Wordodo;
			};
			name = Debug;
		};
		11B6B33F29A92A980015D8ED /* Release */ = {
			isa = XCBuildConfiguration;
			buildSettings = {
				ALWAYS_EMBED_SWIFT_STANDARD_LIBRARIES = YES;
				CODE_SIGN_STYLE = Automatic;
				CURRENT_PROJECT_VERSION = 1;
				DEVELOPMENT_TEAM = Y25UG64XN5;
				GENERATE_INFOPLIST_FILE = YES;
				MARKETING_VERSION = 1.0;
				PRODUCT_BUNDLE_IDENTIFIER = com.kadiryilmaz.WordodoUITests;
				PRODUCT_NAME = "$(TARGET_NAME)";
				SWIFT_EMIT_LOC_STRINGS = NO;
				SWIFT_VERSION = 5.0;
				TARGETED_DEVICE_FAMILY = "1,2";
				TEST_TARGET_NAME = Wordodo;
			};
			name = Release;
		};
/* End XCBuildConfiguration section */

/* Begin XCConfigurationList section */
		11B6B30829A92A970015D8ED /* Build configuration list for PBXProject "Wordodo" */ = {
			isa = XCConfigurationList;
			buildConfigurations = (
				11B6B33529A92A980015D8ED /* Debug */,
				11B6B33629A92A980015D8ED /* Release */,
			);
			defaultConfigurationIsVisible = 0;
			defaultConfigurationName = Release;
		};
		11B6B33729A92A980015D8ED /* Build configuration list for PBXNativeTarget "Wordodo" */ = {
			isa = XCConfigurationList;
			buildConfigurations = (
				11B6B33829A92A980015D8ED /* Debug */,
				11B6B33929A92A980015D8ED /* Release */,
			);
			defaultConfigurationIsVisible = 0;
			defaultConfigurationName = Release;
		};
		11B6B33A29A92A980015D8ED /* Build configuration list for PBXNativeTarget "WordodoTests" */ = {
			isa = XCConfigurationList;
			buildConfigurations = (
				11B6B33B29A92A980015D8ED /* Debug */,
				11B6B33C29A92A980015D8ED /* Release */,
			);
			defaultConfigurationIsVisible = 0;
			defaultConfigurationName = Release;
		};
		11B6B33D29A92A980015D8ED /* Build configuration list for PBXNativeTarget "WordodoUITests" */ = {
			isa = XCConfigurationList;
			buildConfigurations = (
				11B6B33E29A92A980015D8ED /* Debug */,
				11B6B33F29A92A980015D8ED /* Release */,
			);
			defaultConfigurationIsVisible = 0;
			defaultConfigurationName = Release;
		};
/* End XCConfigurationList section */

/* Begin XCRemoteSwiftPackageReference section */
		112B52EE29DA01CF0088C48A /* XCRemoteSwiftPackageReference "Alamofire" */ = {
			isa = XCRemoteSwiftPackageReference;
			repositoryURL = "https://github.com/Alamofire/Alamofire.git";
			requirement = {
				kind = upToNextMajorVersion;
				minimumVersion = 5.0.0;
			};
		};
		112B52F129DA027B0088C48A /* XCRemoteSwiftPackageReference "firebase-ios-sdk" */ = {
			isa = XCRemoteSwiftPackageReference;
			repositoryURL = "https://github.com/firebase/firebase-ios-sdk";
			requirement = {
				kind = upToNextMajorVersion;
				minimumVersion = 10.0.0;
			};
		};
		112B532629DA08310088C48A /* XCRemoteSwiftPackageReference "swift-package-manager-google-mobile-ads" */ = {
			isa = XCRemoteSwiftPackageReference;
			repositoryURL = "https://github.com/googleads/swift-package-manager-google-mobile-ads.git";
			requirement = {
				kind = upToNextMajorVersion;
				minimumVersion = 10.0.0;
			};
		};
/* End XCRemoteSwiftPackageReference section */

/* Begin XCSwiftPackageProductDependency section */
		112B52EF29DA01CF0088C48A /* Alamofire */ = {
			isa = XCSwiftPackageProductDependency;
			package = 112B52EE29DA01CF0088C48A /* XCRemoteSwiftPackageReference "Alamofire" */;
			productName = Alamofire;
		};
		112B52F229DA027B0088C48A /* FirebaseAnalytics */ = {
			isa = XCSwiftPackageProductDependency;
			package = 112B52F129DA027B0088C48A /* XCRemoteSwiftPackageReference "firebase-ios-sdk" */;
			productName = FirebaseAnalytics;
		};
		112B52F429DA027B0088C48A /* FirebaseAnalyticsOnDeviceConversion */ = {
			isa = XCSwiftPackageProductDependency;
			package = 112B52F129DA027B0088C48A /* XCRemoteSwiftPackageReference "firebase-ios-sdk" */;
			productName = FirebaseAnalyticsOnDeviceConversion;
		};
		112B52F629DA027B0088C48A /* FirebaseAnalyticsSwift */ = {
			isa = XCSwiftPackageProductDependency;
			package = 112B52F129DA027B0088C48A /* XCRemoteSwiftPackageReference "firebase-ios-sdk" */;
			productName = FirebaseAnalyticsSwift;
		};
		112B52F829DA027B0088C48A /* FirebaseAnalyticsWithoutAdIdSupport */ = {
			isa = XCSwiftPackageProductDependency;
			package = 112B52F129DA027B0088C48A /* XCRemoteSwiftPackageReference "firebase-ios-sdk" */;
			productName = FirebaseAnalyticsWithoutAdIdSupport;
		};
		112B52FA29DA027B0088C48A /* FirebaseAppCheck */ = {
			isa = XCSwiftPackageProductDependency;
			package = 112B52F129DA027B0088C48A /* XCRemoteSwiftPackageReference "firebase-ios-sdk" */;
			productName = FirebaseAppCheck;
		};
		112B52FC29DA027B0088C48A /* FirebaseAppDistribution-Beta */ = {
			isa = XCSwiftPackageProductDependency;
			package = 112B52F129DA027B0088C48A /* XCRemoteSwiftPackageReference "firebase-ios-sdk" */;
			productName = "FirebaseAppDistribution-Beta";
		};
		112B52FE29DA027B0088C48A /* FirebaseAuth */ = {
			isa = XCSwiftPackageProductDependency;
			package = 112B52F129DA027B0088C48A /* XCRemoteSwiftPackageReference "firebase-ios-sdk" */;
			productName = FirebaseAuth;
		};
		112B530029DA027B0088C48A /* FirebaseAuthCombine-Community */ = {
			isa = XCSwiftPackageProductDependency;
			package = 112B52F129DA027B0088C48A /* XCRemoteSwiftPackageReference "firebase-ios-sdk" */;
			productName = "FirebaseAuthCombine-Community";
		};
		112B530229DA027B0088C48A /* FirebaseCrashlytics */ = {
			isa = XCSwiftPackageProductDependency;
			package = 112B52F129DA027B0088C48A /* XCRemoteSwiftPackageReference "firebase-ios-sdk" */;
			productName = FirebaseCrashlytics;
		};
		112B530429DA027C0088C48A /* FirebaseDatabase */ = {
			isa = XCSwiftPackageProductDependency;
			package = 112B52F129DA027B0088C48A /* XCRemoteSwiftPackageReference "firebase-ios-sdk" */;
			productName = FirebaseDatabase;
		};
		112B530629DA027C0088C48A /* FirebaseDatabaseSwift */ = {
			isa = XCSwiftPackageProductDependency;
			package = 112B52F129DA027B0088C48A /* XCRemoteSwiftPackageReference "firebase-ios-sdk" */;
			productName = FirebaseDatabaseSwift;
		};
		112B530829DA027C0088C48A /* FirebaseDynamicLinks */ = {
			isa = XCSwiftPackageProductDependency;
			package = 112B52F129DA027B0088C48A /* XCRemoteSwiftPackageReference "firebase-ios-sdk" */;
			productName = FirebaseDynamicLinks;
		};
		112B530A29DA027C0088C48A /* FirebaseFirestore */ = {
			isa = XCSwiftPackageProductDependency;
			package = 112B52F129DA027B0088C48A /* XCRemoteSwiftPackageReference "firebase-ios-sdk" */;
			productName = FirebaseFirestore;
		};
		112B530C29DA027C0088C48A /* FirebaseFirestoreCombine-Community */ = {
			isa = XCSwiftPackageProductDependency;
			package = 112B52F129DA027B0088C48A /* XCRemoteSwiftPackageReference "firebase-ios-sdk" */;
			productName = "FirebaseFirestoreCombine-Community";
		};
		112B530E29DA027C0088C48A /* FirebaseFirestoreSwift */ = {
			isa = XCSwiftPackageProductDependency;
			package = 112B52F129DA027B0088C48A /* XCRemoteSwiftPackageReference "firebase-ios-sdk" */;
			productName = FirebaseFirestoreSwift;
		};
		112B531029DA027C0088C48A /* FirebaseFunctions */ = {
			isa = XCSwiftPackageProductDependency;
			package = 112B52F129DA027B0088C48A /* XCRemoteSwiftPackageReference "firebase-ios-sdk" */;
			productName = FirebaseFunctions;
		};
		112B531229DA027C0088C48A /* FirebaseFunctionsCombine-Community */ = {
			isa = XCSwiftPackageProductDependency;
			package = 112B52F129DA027B0088C48A /* XCRemoteSwiftPackageReference "firebase-ios-sdk" */;
			productName = "FirebaseFunctionsCombine-Community";
		};
		112B531429DA027C0088C48A /* FirebaseInAppMessaging-Beta */ = {
			isa = XCSwiftPackageProductDependency;
			package = 112B52F129DA027B0088C48A /* XCRemoteSwiftPackageReference "firebase-ios-sdk" */;
			productName = "FirebaseInAppMessaging-Beta";
		};
		112B531629DA027C0088C48A /* FirebaseInAppMessagingSwift-Beta */ = {
			isa = XCSwiftPackageProductDependency;
			package = 112B52F129DA027B0088C48A /* XCRemoteSwiftPackageReference "firebase-ios-sdk" */;
			productName = "FirebaseInAppMessagingSwift-Beta";
		};
		112B531829DA027C0088C48A /* FirebaseInstallations */ = {
			isa = XCSwiftPackageProductDependency;
			package = 112B52F129DA027B0088C48A /* XCRemoteSwiftPackageReference "firebase-ios-sdk" */;
			productName = FirebaseInstallations;
		};
		112B531A29DA027C0088C48A /* FirebaseMessaging */ = {
			isa = XCSwiftPackageProductDependency;
			package = 112B52F129DA027B0088C48A /* XCRemoteSwiftPackageReference "firebase-ios-sdk" */;
			productName = FirebaseMessaging;
		};
		112B531C29DA027C0088C48A /* FirebasePerformance */ = {
			isa = XCSwiftPackageProductDependency;
			package = 112B52F129DA027B0088C48A /* XCRemoteSwiftPackageReference "firebase-ios-sdk" */;
			productName = FirebasePerformance;
		};
		112B531E29DA027C0088C48A /* FirebaseRemoteConfig */ = {
			isa = XCSwiftPackageProductDependency;
			package = 112B52F129DA027B0088C48A /* XCRemoteSwiftPackageReference "firebase-ios-sdk" */;
			productName = FirebaseRemoteConfig;
		};
		112B532029DA027C0088C48A /* FirebaseRemoteConfigSwift */ = {
			isa = XCSwiftPackageProductDependency;
			package = 112B52F129DA027B0088C48A /* XCRemoteSwiftPackageReference "firebase-ios-sdk" */;
			productName = FirebaseRemoteConfigSwift;
		};
		112B532229DA027C0088C48A /* FirebaseStorage */ = {
			isa = XCSwiftPackageProductDependency;
			package = 112B52F129DA027B0088C48A /* XCRemoteSwiftPackageReference "firebase-ios-sdk" */;
			productName = FirebaseStorage;
		};
		112B532429DA027C0088C48A /* FirebaseStorageCombine-Community */ = {
			isa = XCSwiftPackageProductDependency;
			package = 112B52F129DA027B0088C48A /* XCRemoteSwiftPackageReference "firebase-ios-sdk" */;
			productName = "FirebaseStorageCombine-Community";
		};
		112B532729DA08310088C48A /* GoogleMobileAds */ = {
			isa = XCSwiftPackageProductDependency;
			package = 112B532629DA08310088C48A /* XCRemoteSwiftPackageReference "swift-package-manager-google-mobile-ads" */;
			productName = GoogleMobileAds;
		};
/* End XCSwiftPackageProductDependency section */
	};
	rootObject = 11B6B30529A92A970015D8ED /* Project object */;
}
